
Microsoft Visual Studio Solution File, Format Version 12.00
# Visual Studio Version 17
VisualStudioVersion = 17.7.34221.43
MinimumVisualStudioVersion = 10.0.40219.1
Project("{FAE04EC0-301F-11D3-BF4B-00C04F79EFBC}") = "ApiSOAP", "ApiSOAP\ApiSOAP.csproj", "{0A70B3CF-2643-47C3-A3BC-38350C5840A5}"
EndProject
Global
	GlobalSection(SolutionConfigurationPlatforms) = preSolution
		Debug|Any CPU = Debug|Any CPU
		Release|Any CPU = Release|Any CPU
	EndGlobalSection
	GlobalSection(ProjectConfigurationPlatforms) = postSolution
		{0A70B3CF-2643-47C3-A3BC-38350C5840A5}.Debug|Any CPU.ActiveCfg = Debug|Any CPU
		{0A70B3CF-2643-47C3-A3BC-38350C5840A5}.Debug|Any CPU.Build.0 = Debug|Any CPU
		{0A70B3CF-2643-47C3-A3BC-38350C5840A5}.Release|Any CPU.ActiveCfg = Release|Any CPU
		{0A70B3CF-2643-47C3-A3BC-38350C5840A5}.Release|Any CPU.Build.0 = Release|Any CPU
	EndGlobalSection
	GlobalSection(SolutionProperties) = preSolution
		HideSolutionNode = FALSE
	EndGlobalSection
	GlobalSection(ExtensibilityGlobals) = postSolution
		SolutionGuid = {FF9E92A0-44F6-42AC-9195-49C5C518E371}
	EndGlobalSection
EndGlobal
