
Microsoft Visual Studio Solution File, Format Version 12.00
# Visual Studio Version 17
VisualStudioVersion = 17.7.34221.43
MinimumVisualStudioVersion = 10.0.40219.1
Project("{FAE04EC0-301F-11D3-BF4B-00C04F79EFBC}") = "RYMApi", "RYMApi\RYMApi.csproj", "{7A007D85-709C-495E-8C45-A5A82A873676}"
EndProject
Global
	GlobalSection(SolutionConfigurationPlatforms) = preSolution
		Debug|Any CPU = Debug|Any CPU
		Release|Any CPU = Release|Any CPU
	EndGlobalSection
	GlobalSection(ProjectConfigurationPlatforms) = postSolution
		{7A007D85-709C-495E-8C45-A5A82A873676}.Debug|Any CPU.ActiveCfg = Debug|Any CPU
		{7A007D85-709C-495E-8C45-A5A82A873676}.Debug|Any CPU.Build.0 = Debug|Any CPU
		{7A007D85-709C-495E-8C45-A5A82A873676}.Release|Any CPU.ActiveCfg = Release|Any CPU
		{7A007D85-709C-495E-8C45-A5A82A873676}.Release|Any CPU.Build.0 = Release|Any CPU
	EndGlobalSection
	GlobalSection(SolutionProperties) = preSolution
		HideSolutionNode = FALSE
	EndGlobalSection
	GlobalSection(ExtensibilityGlobals) = postSolution
		SolutionGuid = {0116B81B-F176-43CE-83AD-FF1EFA8E54DA}
	EndGlobalSection
EndGlobal
